
Microsoft Visual Studio Solution File, Format Version 12.00
# Visual Studio Version 17
VisualStudioVersion = 17.0.31903.59
MinimumVisualStudioVersion = 10.0.40219.1
Project("{2150E333-8FDC-42A3-9474-1A3956D46DE8}") = "src", "src", "{827E0CD3-B72D-47B6-A68D-7590B98EB39B}"
EndProject
Project("{FAE04EC0-301F-11D3-BF4B-00C04F79EFBC}") = "MatchmakingService.Api", "src\MatchmakingService.Api\MatchmakingService.Api.csproj", "{055A2D4C-C80E-4871-8E79-5711A4795FF5}"
EndProject
Project("{FAE04EC0-301F-11D3-BF4B-00C04F79EFBC}") = "MatchmakingService.Application", "src\MatchmakingService.Application\MatchmakingService.Application.csproj", "{FEAFB9D9-FE7F-4574-9344-74D605DE1A75}"
EndProject
Project("{2150E333-8FDC-42A3-9474-1A3956D46DE8}") = "tests", "tests", "{0AB3BF05-4346-4AA6-1389-037BE0695223}"
EndProject
Project("{FAE04EC0-301F-11D3-BF4B-00C04F79EFBC}") = "MatchmakingService.Tests", "tests\MatchmakingService.Tests\MatchmakingService.Tests.csproj", "{42F2081F-BDBB-4964-A890-AF2D6E905585}"
EndProject
Global
	GlobalSection(SolutionConfigurationPlatforms) = preSolution
		Debug|Any CPU = Debug|Any CPU
		Debug|x64 = Debug|x64
		Debug|x86 = Debug|x86
		Release|Any CPU = Release|Any CPU
		Release|x64 = Release|x64
		Release|x86 = Release|x86
	EndGlobalSection
	GlobalSection(ProjectConfigurationPlatforms) = postSolution
		{055A2D4C-C80E-4871-8E79-5711A4795FF5}.Debug|Any CPU.ActiveCfg = Debug|Any CPU
		{055A2D4C-C80E-4871-8E79-5711A4795FF5}.Debug|Any CPU.Build.0 = Debug|Any CPU
		{055A2D4C-C80E-4871-8E79-5711A4795FF5}.Debug|x64.ActiveCfg = Debug|Any CPU
		{055A2D4C-C80E-4871-8E79-5711A4795FF5}.Debug|x64.Build.0 = Debug|Any CPU
		{055A2D4C-C80E-4871-8E79-5711A4795FF5}.Debug|x86.ActiveCfg = Debug|Any CPU
		{055A2D4C-C80E-4871-8E79-5711A4795FF5}.Debug|x86.Build.0 = Debug|Any CPU
		{055A2D4C-C80E-4871-8E79-5711A4795FF5}.Release|Any CPU.ActiveCfg = Release|Any CPU
		{055A2D4C-C80E-4871-8E79-5711A4795FF5}.Release|Any CPU.Build.0 = Release|Any CPU
		{055A2D4C-C80E-4871-8E79-5711A4795FF5}.Release|x64.ActiveCfg = Release|Any CPU
		{055A2D4C-C80E-4871-8E79-5711A4795FF5}.Release|x64.Build.0 = Release|Any CPU
		{055A2D4C-C80E-4871-8E79-5711A4795FF5}.Release|x86.ActiveCfg = Release|Any CPU
		{055A2D4C-C80E-4871-8E79-5711A4795FF5}.Release|x86.Build.0 = Release|Any CPU
		{FEAFB9D9-FE7F-4574-9344-74D605DE1A75}.Debug|Any CPU.ActiveCfg = Debug|Any CPU
		{FEAFB9D9-FE7F-4574-9344-74D605DE1A75}.Debug|Any CPU.Build.0 = Debug|Any CPU
		{FEAFB9D9-FE7F-4574-9344-74D605DE1A75}.Debug|x64.ActiveCfg = Debug|Any CPU
		{FEAFB9D9-FE7F-4574-9344-74D605DE1A75}.Debug|x64.Build.0 = Debug|Any CPU
		{FEAFB9D9-FE7F-4574-9344-74D605DE1A75}.Debug|x86.ActiveCfg = Debug|Any CPU
		{FEAFB9D9-FE7F-4574-9344-74D605DE1A75}.Debug|x86.Build.0 = Debug|Any CPU
		{FEAFB9D9-FE7F-4574-9344-74D605DE1A75}.Release|Any CPU.ActiveCfg = Release|Any CPU
		{FEAFB9D9-FE7F-4574-9344-74D605DE1A75}.Release|Any CPU.Build.0 = Release|Any CPU
		{FEAFB9D9-FE7F-4574-9344-74D605DE1A75}.Release|x64.ActiveCfg = Release|Any CPU
		{FEAFB9D9-FE7F-4574-9344-74D605DE1A75}.Release|x64.Build.0 = Release|Any CPU
		{FEAFB9D9-FE7F-4574-9344-74D605DE1A75}.Release|x86.ActiveCfg = Release|Any CPU
		{FEAFB9D9-FE7F-4574-9344-74D605DE1A75}.Release|x86.Build.0 = Release|Any CPU
		{42F2081F-BDBB-4964-A890-AF2D6E905585}.Debug|Any CPU.ActiveCfg = Debug|Any CPU
		{42F2081F-BDBB-4964-A890-AF2D6E905585}.Debug|Any CPU.Build.0 = Debug|Any CPU
		{42F2081F-BDBB-4964-A890-AF2D6E905585}.Debug|x64.ActiveCfg = Debug|Any CPU
		{42F2081F-BDBB-4964-A890-AF2D6E905585}.Debug|x64.Build.0 = Debug|Any CPU
		{42F2081F-BDBB-4964-A890-AF2D6E905585}.Debug|x86.ActiveCfg = Debug|Any CPU
		{42F2081F-BDBB-4964-A890-AF2D6E905585}.Debug|x86.Build.0 = Debug|Any CPU
		{42F2081F-BDBB-4964-A890-AF2D6E905585}.Release|Any CPU.ActiveCfg = Release|Any CPU
		{42F2081F-BDBB-4964-A890-AF2D6E905585}.Release|Any CPU.Build.0 = Release|Any CPU
		{42F2081F-BDBB-4964-A890-AF2D6E905585}.Release|x64.ActiveCfg = Release|Any CPU
		{42F2081F-BDBB-4964-A890-AF2D6E905585}.Release|x64.Build.0 = Release|Any CPU
		{42F2081F-BDBB-4964-A890-AF2D6E905585}.Release|x86.ActiveCfg = Release|Any CPU
		{42F2081F-BDBB-4964-A890-AF2D6E905585}.Release|x86.Build.0 = Release|Any CPU
	EndGlobalSection
	GlobalSection(SolutionProperties) = preSolution
		HideSolutionNode = FALSE
	EndGlobalSection
	GlobalSection(NestedProjects) = preSolution
		{055A2D4C-C80E-4871-8E79-5711A4795FF5} = {827E0CD3-B72D-47B6-A68D-7590B98EB39B}
		{FEAFB9D9-FE7F-4574-9344-74D605DE1A75} = {827E0CD3-B72D-47B6-A68D-7590B98EB39B}
		{42F2081F-BDBB-4964-A890-AF2D6E905585} = {0AB3BF05-4346-4AA6-1389-037BE0695223}
	EndGlobalSection
EndGlobal
